
Microsoft Visual Studio Solution File, Format Version 12.00
# Visual Studio Version 17
VisualStudioVersion = 17.8.34330.188
MinimumVisualStudioVersion = 10.0.40219.1
Project("{FAE04EC0-301F-11D3-BF4B-00C04F79EFBC}") = "HackerNews", "HackerNews\HackerNews.csproj", "{B6509C80-46FF-4B20-9EA4-4AC1AA1E6406}"
EndProject
Global
	GlobalSection(SolutionConfigurationPlatforms) = preSolution
		Debug|Any CPU = Debug|Any CPU
		Release|Any CPU = Release|Any CPU
	EndGlobalSection
	GlobalSection(ProjectConfigurationPlatforms) = postSolution
		{B6509C80-46FF-4B20-9EA4-4AC1AA1E6406}.Debug|Any CPU.ActiveCfg = Debug|Any CPU
		{B6509C80-46FF-4B20-9EA4-4AC1AA1E6406}.Debug|Any CPU.Build.0 = Debug|Any CPU
		{B6509C80-46FF-4B20-9EA4-4AC1AA1E6406}.Release|Any CPU.ActiveCfg = Release|Any CPU
		{B6509C80-46FF-4B20-9EA4-4AC1AA1E6406}.Release|Any CPU.Build.0 = Release|Any CPU
	EndGlobalSection
	GlobalSection(SolutionProperties) = preSolution
		HideSolutionNode = FALSE
	EndGlobalSection
	GlobalSection(ExtensibilityGlobals) = postSolution
		SolutionGuid = {77BD6EEF-C8F9-4229-B8E9-7A506239BE5E}
	EndGlobalSection
EndGlobal
